// !$*UTF8*$!
{
	archiveVersion = 1;
	classes = {
	};
	objectVersion = 56;
	objects = {

/* Begin PBXBuildFile section */
		1372A8282B540FA500C26885 /* SnapKit in Frameworks */ = {isa = PBXBuildFile; productRef = 1372A8272B540FA500C26885 /* SnapKit */; };
		13B217012B54769F00D92DE5 /* product1.swift in Sources */ = {isa = PBXBuildFile; fileRef = 13B217002B54769F00D92DE5 /* product1.swift */; };
		13D60B572B5470BB00B8915D /* MainTabBarController.swift in Sources */ = {isa = PBXBuildFile; fileRef = 13D60B562B5470BB00B8915D /* MainTabBarController.swift */; };
		13D60B592B5471F900B8915D /* CartViewController.swift in Sources */ = {isa = PBXBuildFile; fileRef = 13D60B582B5471F900B8915D /* CartViewController.swift */; };
		13D60B5B2B54720300B8915D /* MoreViewController.swift in Sources */ = {isa = PBXBuildFile; fileRef = 13D60B5A2B54720300B8915D /* MoreViewController.swift */; };
		13D60B5D2B54720E00B8915D /* CourseViewController.swift in Sources */ = {isa = PBXBuildFile; fileRef = 13D60B5C2B54720E00B8915D /* CourseViewController.swift */; };
		13D76F082B57006E00E56A5D /* LoginViewController.swift in Sources */ = {isa = PBXBuildFile; fileRef = 13D76F072B57006D00E56A5D /* LoginViewController.swift */; };
		13D76F0A2B5702C100E56A5D /* GoogleService-Info.plist in Resources */ = {isa = PBXBuildFile; fileRef = 13D76F092B5702C100E56A5D /* GoogleService-Info.plist */; };
		13D76F0D2B57032900E56A5D /* FirebaseAnalytics in Frameworks */ = {isa = PBXBuildFile; productRef = 13D76F0C2B57032900E56A5D /* FirebaseAnalytics */; };
		13D76F0F2B57032900E56A5D /* FirebaseAnalyticsOnDeviceConversion in Frameworks */ = {isa = PBXBuildFile; productRef = 13D76F0E2B57032900E56A5D /* FirebaseAnalyticsOnDeviceConversion */; };
		13D76F112B57032900E56A5D /* FirebaseAnalyticsSwift in Frameworks */ = {isa = PBXBuildFile; productRef = 13D76F102B57032900E56A5D /* FirebaseAnalyticsSwift */; };
		13D76F132B57032900E56A5D /* FirebaseAnalyticsWithoutAdIdSupport in Frameworks */ = {isa = PBXBuildFile; productRef = 13D76F122B57032900E56A5D /* FirebaseAnalyticsWithoutAdIdSupport */; };
		13D76F152B57032900E56A5D /* FirebaseAppCheck in Frameworks */ = {isa = PBXBuildFile; productRef = 13D76F142B57032900E56A5D /* FirebaseAppCheck */; };
		13D76F172B57032900E56A5D /* FirebaseAppDistribution-Beta in Frameworks */ = {isa = PBXBuildFile; productRef = 13D76F162B57032900E56A5D /* FirebaseAppDistribution-Beta */; };
		13D76F192B57032900E56A5D /* FirebaseAuth in Frameworks */ = {isa = PBXBuildFile; productRef = 13D76F182B57032900E56A5D /* FirebaseAuth */; };
		13D76F1B2B57032900E56A5D /* FirebaseAuthCombine-Community in Frameworks */ = {isa = PBXBuildFile; productRef = 13D76F1A2B57032900E56A5D /* FirebaseAuthCombine-Community */; };
		13D76F1D2B57032900E56A5D /* FirebaseCrashlytics in Frameworks */ = {isa = PBXBuildFile; productRef = 13D76F1C2B57032900E56A5D /* FirebaseCrashlytics */; };
		13D76F1F2B57032900E56A5D /* FirebaseDatabase in Frameworks */ = {isa = PBXBuildFile; productRef = 13D76F1E2B57032900E56A5D /* FirebaseDatabase */; };
		13D76F212B57032900E56A5D /* FirebaseDatabaseSwift in Frameworks */ = {isa = PBXBuildFile; productRef = 13D76F202B57032900E56A5D /* FirebaseDatabaseSwift */; };
		13D76F232B57032900E56A5D /* FirebaseDynamicLinks in Frameworks */ = {isa = PBXBuildFile; productRef = 13D76F222B57032900E56A5D /* FirebaseDynamicLinks */; };
		13D76F252B57032900E56A5D /* FirebaseFirestore in Frameworks */ = {isa = PBXBuildFile; productRef = 13D76F242B57032900E56A5D /* FirebaseFirestore */; };
		13D76F272B57032900E56A5D /* FirebaseFirestoreCombine-Community in Frameworks */ = {isa = PBXBuildFile; productRef = 13D76F262B57032900E56A5D /* FirebaseFirestoreCombine-Community */; };
		13D76F292B57032900E56A5D /* FirebaseFirestoreSwift in Frameworks */ = {isa = PBXBuildFile; productRef = 13D76F282B57032900E56A5D /* FirebaseFirestoreSwift */; };
		13D76F2B2B57032900E56A5D /* FirebaseFunctions in Frameworks */ = {isa = PBXBuildFile; productRef = 13D76F2A2B57032900E56A5D /* FirebaseFunctions */; };
		13D76F2D2B57032900E56A5D /* FirebaseFunctionsCombine-Community in Frameworks */ = {isa = PBXBuildFile; productRef = 13D76F2C2B57032900E56A5D /* FirebaseFunctionsCombine-Community */; };
		13D76F2F2B57032900E56A5D /* FirebaseInAppMessaging-Beta in Frameworks */ = {isa = PBXBuildFile; productRef = 13D76F2E2B57032900E56A5D /* FirebaseInAppMessaging-Beta */; };
		13D76F312B57032900E56A5D /* FirebaseInAppMessagingSwift-Beta in Frameworks */ = {isa = PBXBuildFile; productRef = 13D76F302B57032900E56A5D /* FirebaseInAppMessagingSwift-Beta */; };
		13D76F332B57032900E56A5D /* FirebaseInstallations in Frameworks */ = {isa = PBXBuildFile; productRef = 13D76F322B57032900E56A5D /* FirebaseInstallations */; };
		13D76F352B57032900E56A5D /* FirebaseMLModelDownloader in Frameworks */ = {isa = PBXBuildFile; productRef = 13D76F342B57032900E56A5D /* FirebaseMLModelDownloader */; };
		13D76F372B57032900E56A5D /* FirebaseMessaging in Frameworks */ = {isa = PBXBuildFile; productRef = 13D76F362B57032900E56A5D /* FirebaseMessaging */; };
		13D76F392B57032900E56A5D /* FirebasePerformance in Frameworks */ = {isa = PBXBuildFile; productRef = 13D76F382B57032900E56A5D /* FirebasePerformance */; };
		13D76F3B2B57032900E56A5D /* FirebaseRemoteConfig in Frameworks */ = {isa = PBXBuildFile; productRef = 13D76F3A2B57032900E56A5D /* FirebaseRemoteConfig */; };
		13D76F3D2B57032900E56A5D /* FirebaseRemoteConfigSwift in Frameworks */ = {isa = PBXBuildFile; productRef = 13D76F3C2B57032900E56A5D /* FirebaseRemoteConfigSwift */; };
		13D76F3F2B57032900E56A5D /* FirebaseStorage in Frameworks */ = {isa = PBXBuildFile; productRef = 13D76F3E2B57032900E56A5D /* FirebaseStorage */; };
		13D76F412B57032900E56A5D /* FirebaseStorageCombine-Community in Frameworks */ = {isa = PBXBuildFile; productRef = 13D76F402B57032900E56A5D /* FirebaseStorageCombine-Community */; };
		13F6A0AF2B53FCE4009EA1AB /* AppDelegate.swift in Sources */ = {isa = PBXBuildFile; fileRef = 13F6A0AE2B53FCE4009EA1AB /* AppDelegate.swift */; };
		13F6A0B12B53FCE4009EA1AB /* SceneDelegate.swift in Sources */ = {isa = PBXBuildFile; fileRef = 13F6A0B02B53FCE4009EA1AB /* SceneDelegate.swift */; };
		13F6A0B32B53FCE4009EA1AB /* StoreViewController.swift in Sources */ = {isa = PBXBuildFile; fileRef = 13F6A0B22B53FCE4009EA1AB /* StoreViewController.swift */; };
		13F6A0B92B53FCE4009EA1AB /* Dolce_far_Niente.xcdatamodeld in Sources */ = {isa = PBXBuildFile; fileRef = 13F6A0B72B53FCE4009EA1AB /* Dolce_far_Niente.xcdatamodeld */; };
		13F6A0BB2B53FCE6009EA1AB /* Assets.xcassets in Resources */ = {isa = PBXBuildFile; fileRef = 13F6A0BA2B53FCE6009EA1AB /* Assets.xcassets */; };
		13F6A0BE2B53FCE6009EA1AB /* LaunchScreen.storyboard in Resources */ = {isa = PBXBuildFile; fileRef = 13F6A0BC2B53FCE6009EA1AB /* LaunchScreen.storyboard */; };
		13F6A0C62B53FE93009EA1AB /* example.swift in Sources */ = {isa = PBXBuildFile; fileRef = 13F6A0C52B53FE93009EA1AB /* example.swift */; };
		13FA95222B552F3A00169F35 /* SFUIText-Light.ttf in Resources */ = {isa = PBXBuildFile; fileRef = 13FA951C2B552F3A00169F35 /* SFUIText-Light.ttf */; };
		13FA95232B552F3A00169F35 /* SFUIText-Heavy.ttf in Resources */ = {isa = PBXBuildFile; fileRef = 13FA951D2B552F3A00169F35 /* SFUIText-Heavy.ttf */; };
		13FA95242B552F3A00169F35 /* SFUIText-Medium.ttf in Resources */ = {isa = PBXBuildFile; fileRef = 13FA951E2B552F3A00169F35 /* SFUIText-Medium.ttf */; };
		13FA95252B552F3A00169F35 /* CustomFonts.swift in Sources */ = {isa = PBXBuildFile; fileRef = 13FA951F2B552F3A00169F35 /* CustomFonts.swift */; };
		13FA95262B552F3A00169F35 /* SFUIText-Bold.ttf in Resources */ = {isa = PBXBuildFile; fileRef = 13FA95202B552F3A00169F35 /* SFUIText-Bold.ttf */; };
		13FA95272B552F3A00169F35 /* SFUIText-Regular.ttf in Resources */ = {isa = PBXBuildFile; fileRef = 13FA95212B552F3A00169F35 /* SFUIText-Regular.ttf */; };
/* End PBXBuildFile section */

/* Begin PBXFileReference section */
		13B217002B54769F00D92DE5 /* product1.swift */ = {isa = PBXFileReference; lastKnownFileType = sourcecode.swift; path = product1.swift; sourceTree = "<group>"; };
		13D60B562B5470BB00B8915D /* MainTabBarController.swift */ = {isa = PBXFileReference; lastKnownFileType = sourcecode.swift; path = MainTabBarController.swift; sourceTree = "<group>"; };
		13D60B582B5471F900B8915D /* CartViewController.swift */ = {isa = PBXFileReference; lastKnownFileType = sourcecode.swift; path = CartViewController.swift; sourceTree = "<group>"; };
		13D60B5A2B54720300B8915D /* MoreViewController.swift */ = {isa = PBXFileReference; lastKnownFileType = sourcecode.swift; path = MoreViewController.swift; sourceTree = "<group>"; };
		13D60B5C2B54720E00B8915D /* CourseViewController.swift */ = {isa = PBXFileReference; lastKnownFileType = sourcecode.swift; path = CourseViewController.swift; sourceTree = "<group>"; };
		13D76F072B57006D00E56A5D /* LoginViewController.swift */ = {isa = PBXFileReference; lastKnownFileType = sourcecode.swift; path = LoginViewController.swift; sourceTree = "<group>"; };
		13D76F092B5702C100E56A5D /* GoogleService-Info.plist */ = {isa = PBXFileReference; fileEncoding = 4; lastKnownFileType = text.plist.xml; path = "GoogleService-Info.plist"; sourceTree = "<group>"; };
		13F6A0AB2B53FCE4009EA1AB /* Dolce far Niente.app */ = {isa = PBXFileReference; explicitFileType = wrapper.application; includeInIndex = 0; path = "Dolce far Niente.app"; sourceTree = BUILT_PRODUCTS_DIR; };
		13F6A0AE2B53FCE4009EA1AB /* AppDelegate.swift */ = {isa = PBXFileReference; lastKnownFileType = sourcecode.swift; path = AppDelegate.swift; sourceTree = "<group>"; };
		13F6A0B02B53FCE4009EA1AB /* SceneDelegate.swift */ = {isa = PBXFileReference; lastKnownFileType = sourcecode.swift; path = SceneDelegate.swift; sourceTree = "<group>"; };
		13F6A0B22B53FCE4009EA1AB /* StoreViewController.swift */ = {isa = PBXFileReference; lastKnownFileType = sourcecode.swift; path = StoreViewController.swift; sourceTree = "<group>"; };
		13F6A0B82B53FCE4009EA1AB /* Dolce_far_Niente.xcdatamodel */ = {isa = PBXFileReference; lastKnownFileType = wrapper.xcdatamodel; path = Dolce_far_Niente.xcdatamodel; sourceTree = "<group>"; };
		13F6A0BA2B53FCE6009EA1AB /* Assets.xcassets */ = {isa = PBXFileReference; lastKnownFileType = folder.assetcatalog; path = Assets.xcassets; sourceTree = "<group>"; };
		13F6A0BD2B53FCE6009EA1AB /* Base */ = {isa = PBXFileReference; lastKnownFileType = file.storyboard; name = Base; path = Base.lproj/LaunchScreen.storyboard; sourceTree = "<group>"; };
		13F6A0BF2B53FCE6009EA1AB /* Info.plist */ = {isa = PBXFileReference; lastKnownFileType = text.plist.xml; path = Info.plist; sourceTree = "<group>"; };
		13F6A0C52B53FE93009EA1AB /* example.swift */ = {isa = PBXFileReference; lastKnownFileType = sourcecode.swift; path = example.swift; sourceTree = "<group>"; };
		13FA951C2B552F3A00169F35 /* SFUIText-Light.ttf */ = {isa = PBXFileReference; lastKnownFileType = file; path = "SFUIText-Light.ttf"; sourceTree = "<group>"; };
		13FA951D2B552F3A00169F35 /* SFUIText-Heavy.ttf */ = {isa = PBXFileReference; lastKnownFileType = file; path = "SFUIText-Heavy.ttf"; sourceTree = "<group>"; };
		13FA951E2B552F3A00169F35 /* SFUIText-Medium.ttf */ = {isa = PBXFileReference; lastKnownFileType = file; path = "SFUIText-Medium.ttf"; sourceTree = "<group>"; };
		13FA951F2B552F3A00169F35 /* CustomFonts.swift */ = {isa = PBXFileReference; fileEncoding = 4; lastKnownFileType = sourcecode.swift; path = CustomFonts.swift; sourceTree = "<group>"; };
		13FA95202B552F3A00169F35 /* SFUIText-Bold.ttf */ = {isa = PBXFileReference; lastKnownFileType = file; path = "SFUIText-Bold.ttf"; sourceTree = "<group>"; };
		13FA95212B552F3A00169F35 /* SFUIText-Regular.ttf */ = {isa = PBXFileReference; lastKnownFileType = file; path = "SFUIText-Regular.ttf"; sourceTree = "<group>"; };
/* End PBXFileReference section */

/* Begin PBXFrameworksBuildPhase section */
		13F6A0A82B53FCE4009EA1AB /* Frameworks */ = {
			isa = PBXFrameworksBuildPhase;
			buildActionMask = 2147483647;
			files = (
				13D76F2B2B57032900E56A5D /* FirebaseFunctions in Frameworks */,
				13D76F212B57032900E56A5D /* FirebaseDatabaseSwift in Frameworks */,
				13D76F312B57032900E56A5D /* FirebaseInAppMessagingSwift-Beta in Frameworks */,
				13D76F372B57032900E56A5D /* FirebaseMessaging in Frameworks */,
				13D76F172B57032900E56A5D /* FirebaseAppDistribution-Beta in Frameworks */,
				13D76F1B2B57032900E56A5D /* FirebaseAuthCombine-Community in Frameworks */,
				13D76F272B57032900E56A5D /* FirebaseFirestoreCombine-Community in Frameworks */,
				13D76F112B57032900E56A5D /* FirebaseAnalyticsSwift in Frameworks */,
				13D76F352B57032900E56A5D /* FirebaseMLModelDownloader in Frameworks */,
				13D76F132B57032900E56A5D /* FirebaseAnalyticsWithoutAdIdSupport in Frameworks */,
				13D76F0D2B57032900E56A5D /* FirebaseAnalytics in Frameworks */,
				13D76F292B57032900E56A5D /* FirebaseFirestoreSwift in Frameworks */,
				13D76F0F2B57032900E56A5D /* FirebaseAnalyticsOnDeviceConversion in Frameworks */,
				13D76F152B57032900E56A5D /* FirebaseAppCheck in Frameworks */,
				13D76F392B57032900E56A5D /* FirebasePerformance in Frameworks */,
				13D76F2F2B57032900E56A5D /* FirebaseInAppMessaging-Beta in Frameworks */,
				13D76F2D2B57032900E56A5D /* FirebaseFunctionsCombine-Community in Frameworks */,
				13D76F1D2B57032900E56A5D /* FirebaseCrashlytics in Frameworks */,
				13D76F332B57032900E56A5D /* FirebaseInstallations in Frameworks */,
				13D76F3B2B57032900E56A5D /* FirebaseRemoteConfig in Frameworks */,
				13D76F3F2B57032900E56A5D /* FirebaseStorage in Frameworks */,
				13D76F1F2B57032900E56A5D /* FirebaseDatabase in Frameworks */,
				13D76F412B57032900E56A5D /* FirebaseStorageCombine-Community in Frameworks */,
				1372A8282B540FA500C26885 /* SnapKit in Frameworks */,
				13D76F192B57032900E56A5D /* FirebaseAuth in Frameworks */,
				13D76F232B57032900E56A5D /* FirebaseDynamicLinks in Frameworks */,
				13D76F252B57032900E56A5D /* FirebaseFirestore in Frameworks */,
				13D76F3D2B57032900E56A5D /* FirebaseRemoteConfigSwift in Frameworks */,
			);
			runOnlyForDeploymentPostprocessing = 0;
		};
/* End PBXFrameworksBuildPhase section */

/* Begin PBXGroup section */
		13B216FD2B5475C200D92DE5 /* ProductCell */ = {
			isa = PBXGroup;
			children = (
				13B217002B54769F00D92DE5 /* product1.swift */,
			);
			path = ProductCell;
			sourceTree = "<group>";
		};
		13F6A0A22B53FCE4009EA1AB = {
			isa = PBXGroup;
			children = (
				13F6A0AD2B53FCE4009EA1AB /* Dolce far Niente */,
				13F6A0AC2B53FCE4009EA1AB /* Products */,
			);
			sourceTree = "<group>";
		};
		13F6A0AC2B53FCE4009EA1AB /* Products */ = {
			isa = PBXGroup;
			children = (
				13F6A0AB2B53FCE4009EA1AB /* Dolce far Niente.app */,
			);
			name = Products;
			sourceTree = "<group>";
		};
		13F6A0AD2B53FCE4009EA1AB /* Dolce far Niente */ = {
			isa = PBXGroup;
			children = (
				13B216FD2B5475C200D92DE5 /* ProductCell */,
				13F6A0C52B53FE93009EA1AB /* example.swift */,
				13F6A0CC2B53FF35009EA1AB /* CoreData */,
				13F6A0CB2B53FECB009EA1AB /* Application */,
				13F6A0CA2B53FEC0009EA1AB /* Resources */,
				13F6A0C92B53FEA7009EA1AB /* Cells */,
				13F6A0C82B53FEA2009EA1AB /* Models */,
				13F6A0C72B53FE98009EA1AB /* Controllers */,
			);
			path = "Dolce far Niente";
			sourceTree = "<group>";
		};
		13F6A0C72B53FE98009EA1AB /* Controllers */ = {
			isa = PBXGroup;
			children = (
				13F6A0B22B53FCE4009EA1AB /* StoreViewController.swift */,
				13D60B562B5470BB00B8915D /* MainTabBarController.swift */,
				13D60B582B5471F900B8915D /* CartViewController.swift */,
				13D60B5A2B54720300B8915D /* MoreViewController.swift */,
				13D60B5C2B54720E00B8915D /* CourseViewController.swift */,
				13D76F072B57006D00E56A5D /* LoginViewController.swift */,
			);
			path = Controllers;
			sourceTree = "<group>";
		};
		13F6A0C82B53FEA2009EA1AB /* Models */ = {
			isa = PBXGroup;
			children = (
			);
			path = Models;
			sourceTree = "<group>";
		};
		13F6A0C92B53FEA7009EA1AB /* Cells */ = {
			isa = PBXGroup;
			children = (
			);
			path = Cells;
			sourceTree = "<group>";
		};
		13F6A0CA2B53FEC0009EA1AB /* Resources */ = {
			isa = PBXGroup;
			children = (
				13FA951B2B552F1E00169F35 /* Fonts */,
				13F6A0BC2B53FCE6009EA1AB /* LaunchScreen.storyboard */,
				13F6A0BF2B53FCE6009EA1AB /* Info.plist */,
				13D76F092B5702C100E56A5D /* GoogleService-Info.plist */,
				13F6A0BA2B53FCE6009EA1AB /* Assets.xcassets */,
			);
			path = Resources;
			sourceTree = "<group>";
		};
		13F6A0CB2B53FECB009EA1AB /* Application */ = {
			isa = PBXGroup;
			children = (
				13F6A0AE2B53FCE4009EA1AB /* AppDelegate.swift */,
				13F6A0B02B53FCE4009EA1AB /* SceneDelegate.swift */,
			);
			path = Application;
			sourceTree = "<group>";
		};
		13F6A0CC2B53FF35009EA1AB /* CoreData */ = {
			isa = PBXGroup;
			children = (
				13F6A0B72B53FCE4009EA1AB /* Dolce_far_Niente.xcdatamodeld */,
			);
			path = CoreData;
			sourceTree = "<group>";
		};
		13FA951B2B552F1E00169F35 /* Fonts */ = {
			isa = PBXGroup;
			children = (
				13FA951F2B552F3A00169F35 /* CustomFonts.swift */,
				13FA95202B552F3A00169F35 /* SFUIText-Bold.ttf */,
				13FA951D2B552F3A00169F35 /* SFUIText-Heavy.ttf */,
				13FA951C2B552F3A00169F35 /* SFUIText-Light.ttf */,
				13FA951E2B552F3A00169F35 /* SFUIText-Medium.ttf */,
				13FA95212B552F3A00169F35 /* SFUIText-Regular.ttf */,
			);
			path = Fonts;
			sourceTree = "<group>";
		};
/* End PBXGroup section */

/* Begin PBXNativeTarget section */
		13F6A0AA2B53FCE4009EA1AB /* Dolce far Niente */ = {
			isa = PBXNativeTarget;
			buildConfigurationList = 13F6A0C22B53FCE6009EA1AB /* Build configuration list for PBXNativeTarget "Dolce far Niente" */;
			buildPhases = (
				13F6A0A72B53FCE4009EA1AB /* Sources */,
				13F6A0A82B53FCE4009EA1AB /* Frameworks */,
				13F6A0A92B53FCE4009EA1AB /* Resources */,
			);
			buildRules = (
			);
			dependencies = (
			);
			name = "Dolce far Niente";
			packageProductDependencies = (
				1372A8272B540FA500C26885 /* SnapKit */,
				13D76F0C2B57032900E56A5D /* FirebaseAnalytics */,
				13D76F0E2B57032900E56A5D /* FirebaseAnalyticsOnDeviceConversion */,
				13D76F102B57032900E56A5D /* FirebaseAnalyticsSwift */,
				13D76F122B57032900E56A5D /* FirebaseAnalyticsWithoutAdIdSupport */,
				13D76F142B57032900E56A5D /* FirebaseAppCheck */,
				13D76F162B57032900E56A5D /* FirebaseAppDistribution-Beta */,
				13D76F182B57032900E56A5D /* FirebaseAuth */,
				13D76F1A2B57032900E56A5D /* FirebaseAuthCombine-Community */,
				13D76F1C2B57032900E56A5D /* FirebaseCrashlytics */,
				13D76F1E2B57032900E56A5D /* FirebaseDatabase */,
				13D76F202B57032900E56A5D /* FirebaseDatabaseSwift */,
				13D76F222B57032900E56A5D /* FirebaseDynamicLinks */,
				13D76F242B57032900E56A5D /* FirebaseFirestore */,
				13D76F262B57032900E56A5D /* FirebaseFirestoreCombine-Community */,
				13D76F282B57032900E56A5D /* FirebaseFirestoreSwift */,
				13D76F2A2B57032900E56A5D /* FirebaseFunctions */,
				13D76F2C2B57032900E56A5D /* FirebaseFunctionsCombine-Community */,
				13D76F2E2B57032900E56A5D /* FirebaseInAppMessaging-Beta */,
				13D76F302B57032900E56A5D /* FirebaseInAppMessagingSwift-Beta */,
				13D76F322B57032900E56A5D /* FirebaseInstallations */,
				13D76F342B57032900E56A5D /* FirebaseMLModelDownloader */,
				13D76F362B57032900E56A5D /* FirebaseMessaging */,
				13D76F382B57032900E56A5D /* FirebasePerformance */,
				13D76F3A2B57032900E56A5D /* FirebaseRemoteConfig */,
				13D76F3C2B57032900E56A5D /* FirebaseRemoteConfigSwift */,
				13D76F3E2B57032900E56A5D /* FirebaseStorage */,
				13D76F402B57032900E56A5D /* FirebaseStorageCombine-Community */,
			);
			productName = "Dolce far Niente";
			productReference = 13F6A0AB2B53FCE4009EA1AB /* Dolce far Niente.app */;
			productType = "com.apple.product-type.application";
		};
/* End PBXNativeTarget section */

/* Begin PBXProject section */
		13F6A0A32B53FCE4009EA1AB /* Project object */ = {
			isa = PBXProject;
			attributes = {
				BuildIndependentTargetsInParallel = 1;
				LastSwiftUpdateCheck = 1520;
				LastUpgradeCheck = 1520;
				TargetAttributes = {
					13F6A0AA2B53FCE4009EA1AB = {
						CreatedOnToolsVersion = 15.2;
					};
				};
			};
			buildConfigurationList = 13F6A0A62B53FCE4009EA1AB /* Build configuration list for PBXProject "Dolce far Niente" */;
			compatibilityVersion = "Xcode 14.0";
			developmentRegion = en;
			hasScannedForEncodings = 0;
			knownRegions = (
				en,
				Base,
			);
			mainGroup = 13F6A0A22B53FCE4009EA1AB;
			packageReferences = (
				1372A8262B540FA500C26885 /* XCRemoteSwiftPackageReference "SnapKit" */,
				13D76F0B2B57032800E56A5D /* XCRemoteSwiftPackageReference "firebase-ios-sdk" */,
			);
			productRefGroup = 13F6A0AC2B53FCE4009EA1AB /* Products */;
			projectDirPath = "";
			projectRoot = "";
			targets = (
				13F6A0AA2B53FCE4009EA1AB /* Dolce far Niente */,
			);
		};
/* End PBXProject section */

/* Begin PBXResourcesBuildPhase section */
		13F6A0A92B53FCE4009EA1AB /* Resources */ = {
			isa = PBXResourcesBuildPhase;
			buildActionMask = 2147483647;
			files = (
				13FA95232B552F3A00169F35 /* SFUIText-Heavy.ttf in Resources */,
				13D76F0A2B5702C100E56A5D /* GoogleService-Info.plist in Resources */,
				13F6A0BE2B53FCE6009EA1AB /* LaunchScreen.storyboard in Resources */,
				13FA95222B552F3A00169F35 /* SFUIText-Light.ttf in Resources */,
				13F6A0BB2B53FCE6009EA1AB /* Assets.xcassets in Resources */,
				13FA95272B552F3A00169F35 /* SFUIText-Regular.ttf in Resources */,
				13FA95242B552F3A00169F35 /* SFUIText-Medium.ttf in Resources */,
				13FA95262B552F3A00169F35 /* SFUIText-Bold.ttf in Resources */,
			);
			runOnlyForDeploymentPostprocessing = 0;
		};
/* End PBXResourcesBuildPhase section */

/* Begin PBXSourcesBuildPhase section */
		13F6A0A72B53FCE4009EA1AB /* Sources */ = {
			isa = PBXSourcesBuildPhase;
			buildActionMask = 2147483647;
			files = (
				13D76F082B57006E00E56A5D /* LoginViewController.swift in Sources */,
				13F6A0C62B53FE93009EA1AB /* example.swift in Sources */,
				13F6A0B32B53FCE4009EA1AB /* StoreViewController.swift in Sources */,
				13F6A0AF2B53FCE4009EA1AB /* AppDelegate.swift in Sources */,
				13D60B5D2B54720E00B8915D /* CourseViewController.swift in Sources */,
				13D60B592B5471F900B8915D /* CartViewController.swift in Sources */,
				13F6A0B92B53FCE4009EA1AB /* Dolce_far_Niente.xcdatamodeld in Sources */,
				13D60B5B2B54720300B8915D /* MoreViewController.swift in Sources */,
				13B217012B54769F00D92DE5 /* product1.swift in Sources */,
				13FA95252B552F3A00169F35 /* CustomFonts.swift in Sources */,
				13D60B572B5470BB00B8915D /* MainTabBarController.swift in Sources */,
				13F6A0B12B53FCE4009EA1AB /* SceneDelegate.swift in Sources */,
			);
			runOnlyForDeploymentPostprocessing = 0;
		};
/* End PBXSourcesBuildPhase section */

/* Begin PBXVariantGroup section */
		13F6A0BC2B53FCE6009EA1AB /* LaunchScreen.storyboard */ = {
			isa = PBXVariantGroup;
			children = (
				13F6A0BD2B53FCE6009EA1AB /* Base */,
			);
			name = LaunchScreen.storyboard;
			sourceTree = "<group>";
		};
/* End PBXVariantGroup section */

/* Begin XCBuildConfiguration section */
		13F6A0C02B53FCE6009EA1AB /* Debug */ = {
			isa = XCBuildConfiguration;
			buildSettings = {
				ALWAYS_SEARCH_USER_PATHS = NO;
				ASSETCATALOG_COMPILER_GENERATE_SWIFT_ASSET_SYMBOL_EXTENSIONS = YES;
				CLANG_ANALYZER_NONNULL = YES;
				CLANG_ANALYZER_NUMBER_OBJECT_CONVERSION = YES_AGGRESSIVE;
				CLANG_CXX_LANGUAGE_STANDARD = "gnu++20";
				CLANG_ENABLE_MODULES = YES;
				CLANG_ENABLE_OBJC_ARC = YES;
				CLANG_ENABLE_OBJC_WEAK = YES;
				CLANG_WARN_BLOCK_CAPTURE_AUTORELEASING = YES;
				CLANG_WARN_BOOL_CONVERSION = YES;
				CLANG_WARN_COMMA = YES;
				CLANG_WARN_CONSTANT_CONVERSION = YES;
				CLANG_WARN_DEPRECATED_OBJC_IMPLEMENTATIONS = YES;
				CLANG_WARN_DIRECT_OBJC_ISA_USAGE = YES_ERROR;
				CLANG_WARN_DOCUMENTATION_COMMENTS = YES;
				CLANG_WARN_EMPTY_BODY = YES;
				CLANG_WARN_ENUM_CONVERSION = YES;
				CLANG_WARN_INFINITE_RECURSION = YES;
				CLANG_WARN_INT_CONVERSION = YES;
				CLANG_WARN_NON_LITERAL_NULL_CONVERSION = YES;
				CLANG_WARN_OBJC_IMPLICIT_RETAIN_SELF = YES;
				CLANG_WARN_OBJC_LITERAL_CONVERSION = YES;
				CLANG_WARN_OBJC_ROOT_CLASS = YES_ERROR;
				CLANG_WARN_QUOTED_INCLUDE_IN_FRAMEWORK_HEADER = YES;
				CLANG_WARN_RANGE_LOOP_ANALYSIS = YES;
				CLANG_WARN_STRICT_PROTOTYPES = YES;
				CLANG_WARN_SUSPICIOUS_MOVE = YES;
				CLANG_WARN_UNGUARDED_AVAILABILITY = YES_AGGRESSIVE;
				CLANG_WARN_UNREACHABLE_CODE = YES;
				CLANG_WARN__DUPLICATE_METHOD_MATCH = YES;
				COPY_PHASE_STRIP = NO;
				DEBUG_INFORMATION_FORMAT = dwarf;
				ENABLE_STRICT_OBJC_MSGSEND = YES;
				ENABLE_TESTABILITY = YES;
				ENABLE_USER_SCRIPT_SANDBOXING = YES;
				GCC_C_LANGUAGE_STANDARD = gnu17;
				GCC_DYNAMIC_NO_PIC = NO;
				GCC_NO_COMMON_BLOCKS = YES;
				GCC_OPTIMIZATION_LEVEL = 0;
				GCC_PREPROCESSOR_DEFINITIONS = (
					"DEBUG=1",
					"$(inherited)",
				);
				GCC_WARN_64_TO_32_BIT_CONVERSION = YES;
				GCC_WARN_ABOUT_RETURN_TYPE = YES_ERROR;
				GCC_WARN_UNDECLARED_SELECTOR = YES;
				GCC_WARN_UNINITIALIZED_AUTOS = YES_AGGRESSIVE;
				GCC_WARN_UNUSED_FUNCTION = YES;
				GCC_WARN_UNUSED_VARIABLE = YES;
				IPHONEOS_DEPLOYMENT_TARGET = 14.0;
				LOCALIZATION_PREFERS_STRING_CATALOGS = YES;
				MTL_ENABLE_DEBUG_INFO = INCLUDE_SOURCE;
				MTL_FAST_MATH = YES;
				ONLY_ACTIVE_ARCH = YES;
				SDKROOT = iphoneos;
				SWIFT_ACTIVE_COMPILATION_CONDITIONS = "DEBUG $(inherited)";
				SWIFT_OPTIMIZATION_LEVEL = "-Onone";
			};
			name = Debug;
		};
		13F6A0C12B53FCE6009EA1AB /* Release */ = {
			isa = XCBuildConfiguration;
			buildSettings = {
				ALWAYS_SEARCH_USER_PATHS = NO;
				ASSETCATALOG_COMPILER_GENERATE_SWIFT_ASSET_SYMBOL_EXTENSIONS = YES;
				CLANG_ANALYZER_NONNULL = YES;
				CLANG_ANALYZER_NUMBER_OBJECT_CONVERSION = YES_AGGRESSIVE;
				CLANG_CXX_LANGUAGE_STANDARD = "gnu++20";
				CLANG_ENABLE_MODULES = YES;
				CLANG_ENABLE_OBJC_ARC = YES;
				CLANG_ENABLE_OBJC_WEAK = YES;
				CLANG_WARN_BLOCK_CAPTURE_AUTORELEASING = YES;
				CLANG_WARN_BOOL_CONVERSION = YES;
				CLANG_WARN_COMMA = YES;
				CLANG_WARN_CONSTANT_CONVERSION = YES;
				CLANG_WARN_DEPRECATED_OBJC_IMPLEMENTATIONS = YES;
				CLANG_WARN_DIRECT_OBJC_ISA_USAGE = YES_ERROR;
				CLANG_WARN_DOCUMENTATION_COMMENTS = YES;
				CLANG_WARN_EMPTY_BODY = YES;
				CLANG_WARN_ENUM_CONVERSION = YES;
				CLANG_WARN_INFINITE_RECURSION = YES;
				CLANG_WARN_INT_CONVERSION = YES;
				CLANG_WARN_NON_LITERAL_NULL_CONVERSION = YES;
				CLANG_WARN_OBJC_IMPLICIT_RETAIN_SELF = YES;
				CLANG_WARN_OBJC_LITERAL_CONVERSION = YES;
				CLANG_WARN_OBJC_ROOT_CLASS = YES_ERROR;
				CLANG_WARN_QUOTED_INCLUDE_IN_FRAMEWORK_HEADER = YES;
				CLANG_WARN_RANGE_LOOP_ANALYSIS = YES;
				CLANG_WARN_STRICT_PROTOTYPES = YES;
				CLANG_WARN_SUSPICIOUS_MOVE = YES;
				CLANG_WARN_UNGUARDED_AVAILABILITY = YES_AGGRESSIVE;
				CLANG_WARN_UNREACHABLE_CODE = YES;
				CLANG_WARN__DUPLICATE_METHOD_MATCH = YES;
				COPY_PHASE_STRIP = NO;
				DEBUG_INFORMATION_FORMAT = "dwarf-with-dsym";
				ENABLE_NS_ASSERTIONS = NO;
				ENABLE_STRICT_OBJC_MSGSEND = YES;
				ENABLE_USER_SCRIPT_SANDBOXING = YES;
				GCC_C_LANGUAGE_STANDARD = gnu17;
				GCC_NO_COMMON_BLOCKS = YES;
				GCC_WARN_64_TO_32_BIT_CONVERSION = YES;
				GCC_WARN_ABOUT_RETURN_TYPE = YES_ERROR;
				GCC_WARN_UNDECLARED_SELECTOR = YES;
				GCC_WARN_UNINITIALIZED_AUTOS = YES_AGGRESSIVE;
				GCC_WARN_UNUSED_FUNCTION = YES;
				GCC_WARN_UNUSED_VARIABLE = YES;
				IPHONEOS_DEPLOYMENT_TARGET = 14.0;
				LOCALIZATION_PREFERS_STRING_CATALOGS = YES;
				MTL_ENABLE_DEBUG_INFO = NO;
				MTL_FAST_MATH = YES;
				SDKROOT = iphoneos;
				SWIFT_COMPILATION_MODE = wholemodule;
				VALIDATE_PRODUCT = YES;
			};
			name = Release;
		};
		13F6A0C32B53FCE6009EA1AB /* Debug */ = {
			isa = XCBuildConfiguration;
			buildSettings = {
				ASSETCATALOG_COMPILER_APPICON_NAME = AppIcon;
				ASSETCATALOG_COMPILER_GLOBAL_ACCENT_COLOR_NAME = AccentColor;
				CODE_SIGN_STYLE = Automatic;
				CURRENT_PROJECT_VERSION = 1;
				DEVELOPMENT_TEAM = 5F8NF33WRR;
				GENERATE_INFOPLIST_FILE = YES;
				INFOPLIST_FILE = "Dolce far Niente/Resources/Info.plist";
				INFOPLIST_KEY_LSApplicationCategoryType = "public.app-category.shopping";
				INFOPLIST_KEY_UIApplicationSupportsIndirectInputEvents = YES;
				INFOPLIST_KEY_UILaunchStoryboardName = LaunchScreen;
				INFOPLIST_KEY_UIMainStoryboardFile = "";
				INFOPLIST_KEY_UISupportedInterfaceOrientations = UIInterfaceOrientationPortrait;
				INFOPLIST_KEY_UISupportedInterfaceOrientations_iPad = "UIInterfaceOrientationLandscapeLeft UIInterfaceOrientationLandscapeRight UIInterfaceOrientationPortrait UIInterfaceOrientationPortraitUpsideDown";
				IPHONEOS_DEPLOYMENT_TARGET = 14.0;
				LD_RUNPATH_SEARCH_PATHS = (
					"$(inherited)",
					"@executable_path/Frameworks",
				);
				MARKETING_VERSION = 1.0;
				PRODUCT_BUNDLE_IDENTIFIER = "code.Dolce-far-Niente";
				PRODUCT_NAME = "$(TARGET_NAME)";
				SUPPORTED_PLATFORMS = "iphoneos iphonesimulator";
				SUPPORTS_MACCATALYST = NO;
				SUPPORTS_MAC_DESIGNED_FOR_IPHONE_IPAD = NO;
				SWIFT_EMIT_LOC_STRINGS = YES;
				SWIFT_VERSION = 5.0;
				TARGETED_DEVICE_FAMILY = 1;
			};
			name = Debug;
		};
		13F6A0C42B53FCE6009EA1AB /* Release */ = {
			isa = XCBuildConfiguration;
			buildSettings = {
				ASSETCATALOG_COMPILER_APPICON_NAME = AppIcon;
				ASSETCATALOG_COMPILER_GLOBAL_ACCENT_COLOR_NAME = AccentColor;
				CODE_SIGN_STYLE = Automatic;
				CURRENT_PROJECT_VERSION = 1;
				DEVELOPMENT_TEAM = 5F8NF33WRR;
				GENERATE_INFOPLIST_FILE = YES;
				INFOPLIST_FILE = "Dolce far Niente/Resources/Info.plist";
				INFOPLIST_KEY_LSApplicationCategoryType = "public.app-category.shopping";
				INFOPLIST_KEY_UIApplicationSupportsIndirectInputEvents = YES;
				INFOPLIST_KEY_UILaunchStoryboardName = LaunchScreen;
				INFOPLIST_KEY_UIMainStoryboardFile = "";
				INFOPLIST_KEY_UISupportedInterfaceOrientations = UIInterfaceOrientationPortrait;
				INFOPLIST_KEY_UISupportedInterfaceOrientations_iPad = "UIInterfaceOrientationLandscapeLeft UIInterfaceOrientationLandscapeRight UIInterfaceOrientationPortrait UIInterfaceOrientationPortraitUpsideDown";
				IPHONEOS_DEPLOYMENT_TARGET = 14.0;
				LD_RUNPATH_SEARCH_PATHS = (
					"$(inherited)",
					"@executable_path/Frameworks",
				);
				MARKETING_VERSION = 1.0;
				PRODUCT_BUNDLE_IDENTIFIER = "code.Dolce-far-Niente";
				PRODUCT_NAME = "$(TARGET_NAME)";
				SUPPORTED_PLATFORMS = "iphoneos iphonesimulator";
				SUPPORTS_MACCATALYST = NO;
				SUPPORTS_MAC_DESIGNED_FOR_IPHONE_IPAD = NO;
				SWIFT_EMIT_LOC_STRINGS = YES;
				SWIFT_VERSION = 5.0;
				TARGETED_DEVICE_FAMILY = 1;
			};
			name = Release;
		};
/* End XCBuildConfiguration section */

/* Begin XCConfigurationList section */
		13F6A0A62B53FCE4009EA1AB /* Build configuration list for PBXProject "Dolce far Niente" */ = {
			isa = XCConfigurationList;
			buildConfigurations = (
				13F6A0C02B53FCE6009EA1AB /* Debug */,
				13F6A0C12B53FCE6009EA1AB /* Release */,
			);
			defaultConfigurationIsVisible = 0;
			defaultConfigurationName = Release;
		};
		13F6A0C22B53FCE6009EA1AB /* Build configuration list for PBXNativeTarget "Dolce far Niente" */ = {
			isa = XCConfigurationList;
			buildConfigurations = (
				13F6A0C32B53FCE6009EA1AB /* Debug */,
				13F6A0C42B53FCE6009EA1AB /* Release */,
			);
			defaultConfigurationIsVisible = 0;
			defaultConfigurationName = Release;
		};
/* End XCConfigurationList section */

/* Begin XCRemoteSwiftPackageReference section */
		1372A8262B540FA500C26885 /* XCRemoteSwiftPackageReference "SnapKit" */ = {
			isa = XCRemoteSwiftPackageReference;
			repositoryURL = "https://github.com/SnapKit/SnapKit";
			requirement = {
				kind = upToNextMajorVersion;
				minimumVersion = 5.7.0;
			};
		};
		13D76F0B2B57032800E56A5D /* XCRemoteSwiftPackageReference "firebase-ios-sdk" */ = {
			isa = XCRemoteSwiftPackageReference;
			repositoryURL = "https://github.com/firebase/firebase-ios-sdk";
			requirement = {
				kind = upToNextMajorVersion;
				minimumVersion = 10.20.0;
			};
		};
/* End XCRemoteSwiftPackageReference section */

/* Begin XCSwiftPackageProductDependency section */
		1372A8272B540FA500C26885 /* SnapKit */ = {
			isa = XCSwiftPackageProductDependency;
			package = 1372A8262B540FA500C26885 /* XCRemoteSwiftPackageReference "SnapKit" */;
			productName = SnapKit;
		};
		13D76F0C2B57032900E56A5D /* FirebaseAnalytics */ = {
			isa = XCSwiftPackageProductDependency;
			package = 13D76F0B2B57032800E56A5D /* XCRemoteSwiftPackageReference "firebase-ios-sdk" */;
			productName = FirebaseAnalytics;
		};
		13D76F0E2B57032900E56A5D /* FirebaseAnalyticsOnDeviceConversion */ = {
			isa = XCSwiftPackageProductDependency;
			package = 13D76F0B2B57032800E56A5D /* XCRemoteSwiftPackageReference "firebase-ios-sdk" */;
			productName = FirebaseAnalyticsOnDeviceConversion;
		};
		13D76F102B57032900E56A5D /* FirebaseAnalyticsSwift */ = {
			isa = XCSwiftPackageProductDependency;
			package = 13D76F0B2B57032800E56A5D /* XCRemoteSwiftPackageReference "firebase-ios-sdk" */;
			productName = FirebaseAnalyticsSwift;
		};
		13D76F122B57032900E56A5D /* FirebaseAnalyticsWithoutAdIdSupport */ = {
			isa = XCSwiftPackageProductDependency;
			package = 13D76F0B2B57032800E56A5D /* XCRemoteSwiftPackageReference "firebase-ios-sdk" */;
			productName = FirebaseAnalyticsWithoutAdIdSupport;
		};
		13D76F142B57032900E56A5D /* FirebaseAppCheck */ = {
			isa = XCSwiftPackageProductDependency;
			package = 13D76F0B2B57032800E56A5D /* XCRemoteSwiftPackageReference "firebase-ios-sdk" */;
			productName = FirebaseAppCheck;
		};
		13D76F162B57032900E56A5D /* FirebaseAppDistribution-Beta */ = {
			isa = XCSwiftPackageProductDependency;
			package = 13D76F0B2B57032800E56A5D /* XCRemoteSwiftPackageReference "firebase-ios-sdk" */;
			productName = "FirebaseAppDistribution-Beta";
		};
		13D76F182B57032900E56A5D /* FirebaseAuth */ = {
			isa = XCSwiftPackageProductDependency;
			package = 13D76F0B2B57032800E56A5D /* XCRemoteSwiftPackageReference "firebase-ios-sdk" */;
			productName = FirebaseAuth;
		};
		13D76F1A2B57032900E56A5D /* FirebaseAuthCombine-Community */ = {
			isa = XCSwiftPackageProductDependency;
			package = 13D76F0B2B57032800E56A5D /* XCRemoteSwiftPackageReference "firebase-ios-sdk" */;
			productName = "FirebaseAuthCombine-Community";
		};
		13D76F1C2B57032900E56A5D /* FirebaseCrashlytics */ = {
			isa = XCSwiftPackageProductDependency;
			package = 13D76F0B2B57032800E56A5D /* XCRemoteSwiftPackageReference "firebase-ios-sdk" */;
			productName = FirebaseCrashlytics;
		};
		13D76F1E2B57032900E56A5D /* FirebaseDatabase */ = {
			isa = XCSwiftPackageProductDependency;
			package = 13D76F0B2B57032800E56A5D /* XCRemoteSwiftPackageReference "firebase-ios-sdk" */;
			productName = FirebaseDatabase;
		};
		13D76F202B57032900E56A5D /* FirebaseDatabaseSwift */ = {
			isa = XCSwiftPackageProductDependency;
			package = 13D76F0B2B57032800E56A5D /* XCRemoteSwiftPackageReference "firebase-ios-sdk" */;
			productName = FirebaseDatabaseSwift;
		};
		13D76F222B57032900E56A5D /* FirebaseDynamicLinks */ = {
			isa = XCSwiftPackageProductDependency;
			package = 13D76F0B2B57032800E56A5D /* XCRemoteSwiftPackageReference "firebase-ios-sdk" */;
			productName = FirebaseDynamicLinks;
		};
		13D76F242B57032900E56A5D /* FirebaseFirestore */ = {
			isa = XCSwiftPackageProductDependency;
			package = 13D76F0B2B57032800E56A5D /* XCRemoteSwiftPackageReference "firebase-ios-sdk" */;
			productName = FirebaseFirestore;
		};
		13D76F262B57032900E56A5D /* FirebaseFirestoreCombine-Community */ = {
			isa = XCSwiftPackageProductDependency;
			package = 13D76F0B2B57032800E56A5D /* XCRemoteSwiftPackageReference "firebase-ios-sdk" */;
			productName = "FirebaseFirestoreCombine-Community";
		};
		13D76F282B57032900E56A5D /* FirebaseFirestoreSwift */ = {
			isa = XCSwiftPackageProductDependency;
			package = 13D76F0B2B57032800E56A5D /* XCRemoteSwiftPackageReference "firebase-ios-sdk" */;
			productName = FirebaseFirestoreSwift;
		};
		13D76F2A2B57032900E56A5D /* FirebaseFunctions */ = {
			isa = XCSwiftPackageProductDependency;
			package = 13D76F0B2B57032800E56A5D /* XCRemoteSwiftPackageReference "firebase-ios-sdk" */;
			productName = FirebaseFunctions;
		};
		13D76F2C2B57032900E56A5D /* FirebaseFunctionsCombine-Community */ = {
			isa = XCSwiftPackageProductDependency;
			package = 13D76F0B2B57032800E56A5D /* XCRemoteSwiftPackageReference "firebase-ios-sdk" */;
			productName = "FirebaseFunctionsCombine-Community";
		};
		13D76F2E2B57032900E56A5D /* FirebaseInAppMessaging-Beta */ = {
			isa = XCSwiftPackageProductDependency;
			package = 13D76F0B2B57032800E56A5D /* XCRemoteSwiftPackageReference "firebase-ios-sdk" */;
			productName = "FirebaseInAppMessaging-Beta";
		};
		13D76F302B57032900E56A5D /* FirebaseInAppMessagingSwift-Beta */ = {
			isa = XCSwiftPackageProductDependency;
			package = 13D76F0B2B57032800E56A5D /* XCRemoteSwiftPackageReference "firebase-ios-sdk" */;
			productName = "FirebaseInAppMessagingSwift-Beta";
		};
		13D76F322B57032900E56A5D /* FirebaseInstallations */ = {
			isa = XCSwiftPackageProductDependency;
			package = 13D76F0B2B57032800E56A5D /* XCRemoteSwiftPackageReference "firebase-ios-sdk" */;
			productName = FirebaseInstallations;
		};
		13D76F342B57032900E56A5D /* FirebaseMLModelDownloader */ = {
			isa = XCSwiftPackageProductDependency;
			package = 13D76F0B2B57032800E56A5D /* XCRemoteSwiftPackageReference "firebase-ios-sdk" */;
			productName = FirebaseMLModelDownloader;
		};
		13D76F362B57032900E56A5D /* FirebaseMessaging */ = {
			isa = XCSwiftPackageProductDependency;
			package = 13D76F0B2B57032800E56A5D /* XCRemoteSwiftPackageReference "firebase-ios-sdk" */;
			productName = FirebaseMessaging;
		};
		13D76F382B57032900E56A5D /* FirebasePerformance */ = {
			isa = XCSwiftPackageProductDependency;
			package = 13D76F0B2B57032800E56A5D /* XCRemoteSwiftPackageReference "firebase-ios-sdk" */;
			productName = FirebasePerformance;
		};
		13D76F3A2B57032900E56A5D /* FirebaseRemoteConfig */ = {
			isa = XCSwiftPackageProductDependency;
			package = 13D76F0B2B57032800E56A5D /* XCRemoteSwiftPackageReference "firebase-ios-sdk" */;
			productName = FirebaseRemoteConfig;
		};
		13D76F3C2B57032900E56A5D /* FirebaseRemoteConfigSwift */ = {
			isa = XCSwiftPackageProductDependency;
			package = 13D76F0B2B57032800E56A5D /* XCRemoteSwiftPackageReference "firebase-ios-sdk" */;
			productName = FirebaseRemoteConfigSwift;
		};
		13D76F3E2B57032900E56A5D /* FirebaseStorage */ = {
			isa = XCSwiftPackageProductDependency;
			package = 13D76F0B2B57032800E56A5D /* XCRemoteSwiftPackageReference "firebase-ios-sdk" */;
			productName = FirebaseStorage;
		};
		13D76F402B57032900E56A5D /* FirebaseStorageCombine-Community */ = {
			isa = XCSwiftPackageProductDependency;
			package = 13D76F0B2B57032800E56A5D /* XCRemoteSwiftPackageReference "firebase-ios-sdk" */;
			productName = "FirebaseStorageCombine-Community";
		};
/* End XCSwiftPackageProductDependency section */

/* Begin XCVersionGroup section */
		13F6A0B72B53FCE4009EA1AB /* Dolce_far_Niente.xcdatamodeld */ = {
			isa = XCVersionGroup;
			children = (
				13F6A0B82B53FCE4009EA1AB /* Dolce_far_Niente.xcdatamodel */,
			);
			currentVersion = 13F6A0B82B53FCE4009EA1AB /* Dolce_far_Niente.xcdatamodel */;
			path = Dolce_far_Niente.xcdatamodeld;
			sourceTree = "<group>";
			versionGroupType = wrapper.xcdatamodel;
		};
/* End XCVersionGroup section */
	};
	rootObject = 13F6A0A32B53FCE4009EA1AB /* Project object */;
}
